
Microsoft Visual Studio Solution File, Format Version 12.00
# Visual Studio Version 17
VisualStudioVersion = 17.2.32616.157
MinimumVisualStudioVersion = 10.0.40219.1
Project("{9A19103F-16F7-4668-BE54-9A1E7A4F7556}") = "File", "src\File\File.csproj", "{F98A74FE-B9B7-49EF-9E00-1911B4E244CB}"
EndProject
Project("{9A19103F-16F7-4668-BE54-9A1E7A4F7556}") = "Tests", "src\Tests\Tests.csproj", "{86915414-399F-4B91-99C6-D64C987D9BF9}"
EndProject
Global
	GlobalSection(SolutionConfigurationPlatforms) = preSolution
		Debug|Any CPU = Debug|Any CPU
		Release|Any CPU = Release|Any CPU
	EndGlobalSection
	GlobalSection(ProjectConfigurationPlatforms) = postSolution
		{F98A74FE-B9B7-49EF-9E00-1911B4E244CB}.Debug|Any CPU.ActiveCfg = Debug|Any CPU
		{F98A74FE-B9B7-49EF-9E00-1911B4E244CB}.Debug|Any CPU.Build.0 = Debug|Any CPU
		{F98A74FE-B9B7-49EF-9E00-1911B4E244CB}.Release|Any CPU.ActiveCfg = Release|Any CPU
		{F98A74FE-B9B7-49EF-9E00-1911B4E244CB}.Release|Any CPU.Build.0 = Release|Any CPU
		{86915414-399F-4B91-99C6-D64C987D9BF9}.Debug|Any CPU.ActiveCfg = Debug|Any CPU
		{86915414-399F-4B91-99C6-D64C987D9BF9}.Debug|Any CPU.Build.0 = Debug|Any CPU
		{86915414-399F-4B91-99C6-D64C987D9BF9}.Release|Any CPU.ActiveCfg = Release|Any CPU
		{86915414-399F-4B91-99C6-D64C987D9BF9}.Release|Any CPU.Build.0 = Release|Any CPU
	EndGlobalSection
	GlobalSection(SolutionProperties) = preSolution
		HideSolutionNode = FALSE
	EndGlobalSection
	GlobalSection(ExtensibilityGlobals) = postSolution
		SolutionGuid = {19B804F2-469A-40CA-9387-C9C1F7D231E8}
	EndGlobalSection
EndGlobal
